{
  "version": 4,
  "terraform_version": "1.13.0",
  "serial": 21,
  "lineage": "cd5a72f2-d042-3fe0-6553-dd45739b61b9",
  "outputs": {
    "vnet_id": {
      "value": "/subscriptions/180f7e99-985b-4c30-9eae-9d0552a0d130/resourceGroups/newtrafford/providers/Microsoft.Network/virtualNetworks/newtrafford",
      "type": "string"
    }
  },
  "resources": [
    {
      "module": "module.vnet-main",
      "mode": "data",
      "type": "azurerm_client_config",
      "name": "telemetry",
      "provider": "provider[\"registry.terraform.io/hashicorp/azurerm\"]",
      "instances": [
        {
          "index_key": 0,
          "schema_version": 0,
          "attributes": {
            "client_id": "04b07795-8ddb-461a-bbee-02f9e1bf7b46",
            "id": "Y2xpZW50Q29uZmlncy9jbGllbnRJZD0wNGIwNzc5NS04ZGRiLTQ2MWEtYmJlZS0wMmY5ZTFiZjdiNDY7b2JqZWN0SWQ9MTM1MThkYTItN2YxNS00MjM3LThiYTAtZGFiZDBmNzJiZDY1O3N1YnNjcmlwdGlvbklkPTE4MGY3ZTk5LTk4NWItNGMzMC05ZWFlLTlkMDU1MmEwZDEzMDt0ZW5hbnRJZD0zYWUzNjNlZS0yYmRmLTQ5MTMtYTY1OS1jZDE3YzFjOGY4YWU=",
            "object_id": "13518da2-7f15-4237-8ba0-dabd0f72bd65",
            "subscription_id": "180f7e99-985b-4c30-9eae-9d0552a0d130",
            "tenant_id": "3ae363ee-2bdf-4913-a659-cd17c1c8f8ae",
            "timeouts": null
          },
          "sensitive_attributes": [],
          "identity_schema_version": 0
        }
      ]
    },
    {
      "module": "module.vnet-main",
      "mode": "data",
      "type": "modtm_module_source",
      "name": "telemetry",
      "provider": "provider[\"registry.terraform.io/azure/modtm\"]",
      "instances": [
        {
          "index_key": 0,
          "schema_version": 0,
          "attributes": {
            "module_path": ".terraform/modules/vnet-main",
            "module_source": "registry.terraform.io/Azure/vnet/azurerm",
            "module_version": "5.0.1"
          },
          "sensitive_attributes": [],
          "identity_schema_version": 0
        }
      ]
    },
    {
      "module": "module.vnet-main",
      "mode": "managed",
      "type": "azurerm_subnet",
      "name": "subnet_for_each",
      "provider": "provider[\"registry.terraform.io/hashicorp/azurerm\"]",
      "instances": [
        {
          "index_key": "databases",
          "schema_version": 0,
          "attributes": {
            "address_prefixes": [
              "10.0.1.0/24"
            ],
            "default_outbound_access_enabled": true,
            "delegation": [],
            "id": "/subscriptions/180f7e99-985b-4c30-9eae-9d0552a0d130/resourceGroups/newtrafford/providers/Microsoft.Network/virtualNetworks/newtrafford/subnets/databases",
            "name": "databases",
            "private_endpoint_network_policies": "Enabled",
            "private_link_service_network_policies_enabled": true,
            "resource_group_name": "newtrafford",
            "service_endpoint_policy_ids": null,
            "service_endpoints": null,
            "timeouts": null,
            "virtual_network_name": "newtrafford"
          },
          "sensitive_attributes": [],
          "identity_schema_version": 0,
          "private": "eyJlMmJmYjczMC1lY2FhLTExZTYtOGY4OC0zNDM2M2JjN2M0YzAiOnsiY3JlYXRlIjoxODAwMDAwMDAwMDAwLCJkZWxldGUiOjE4MDAwMDAwMDAwMDAsInJlYWQiOjMwMDAwMDAwMDAwMCwidXBkYXRlIjoxODAwMDAwMDAwMDAwfX0=",
          "dependencies": [
            "module.vnet-main.azurerm_virtual_network.vnet",
            "module.vnet-main.azurerm_virtual_network_dns_servers.this"
          ]
        },
        {
          "index_key": "web",
          "schema_version": 0,
          "attributes": {
            "address_prefixes": [
              "10.0.0.0/24"
            ],
            "default_outbound_access_enabled": true,
            "delegation": [],
            "id": "/subscriptions/180f7e99-985b-4c30-9eae-9d0552a0d130/resourceGroups/newtrafford/providers/Microsoft.Network/virtualNetworks/newtrafford/subnets/web",
            "name": "web",
            "private_endpoint_network_policies": "Enabled",
            "private_link_service_network_policies_enabled": true,
            "resource_group_name": "newtrafford",
            "service_endpoint_policy_ids": null,
            "service_endpoints": null,
            "timeouts": null,
            "virtual_network_name": "newtrafford"
          },
          "sensitive_attributes": [],
          "identity_schema_version": 0,
          "private": "eyJlMmJmYjczMC1lY2FhLTExZTYtOGY4OC0zNDM2M2JjN2M0YzAiOnsiY3JlYXRlIjoxODAwMDAwMDAwMDAwLCJkZWxldGUiOjE4MDAwMDAwMDAwMDAsInJlYWQiOjMwMDAwMDAwMDAwMCwidXBkYXRlIjoxODAwMDAwMDAwMDAwfX0=",
          "dependencies": [
            "module.vnet-main.azurerm_virtual_network.vnet",
            "module.vnet-main.azurerm_virtual_network_dns_servers.this"
          ]
        }
      ]
    },
    {
      "module": "module.vnet-main",
      "mode": "managed",
      "type": "azurerm_virtual_network",
      "name": "vnet",
      "provider": "provider[\"registry.terraform.io/hashicorp/azurerm\"]",
      "instances": [
        {
          "schema_version": 0,
          "attributes": {
            "address_space": [
              "10.0.0.0/16"
            ],
            "bgp_community": "",
            "ddos_protection_plan": [],
            "dns_servers": [],
            "edge_zone": "",
            "encryption": [],
            "flow_timeout_in_minutes": 0,
            "guid": "629bf422-a0af-489b-9f82-478b0892b25b",
            "id": "/subscriptions/180f7e99-985b-4c30-9eae-9d0552a0d130/resourceGroups/newtrafford/providers/Microsoft.Network/virtualNetworks/newtrafford",
            "location": "koreasouth",
            "name": "newtrafford",
            "private_endpoint_vnet_policies": "Disabled",
            "resource_group_name": "newtrafford",
            "subnet": [],
            "tags": {
              "costcenter": "it",
              "environment": "dev"
            },
            "timeouts": null
          },
          "sensitive_attributes": [],
          "identity_schema_version": 0,
          "private": "eyJlMmJmYjczMC1lY2FhLTExZTYtOGY4OC0zNDM2M2JjN2M0YzAiOnsiY3JlYXRlIjoxODAwMDAwMDAwMDAwLCJkZWxldGUiOjE4MDAwMDAwMDAwMDAsInJlYWQiOjMwMDAwMDAwMDAwMCwidXBkYXRlIjoxODAwMDAwMDAwMDAwfX0="
        }
      ]
    },
    {
      "module": "module.vnet-main",
      "mode": "managed",
      "type": "azurerm_virtual_network_dns_servers",
      "name": "this",
      "provider": "provider[\"registry.terraform.io/hashicorp/azurerm\"]",
      "instances": [
        {
          "index_key": 0,
          "schema_version": 0,
          "attributes": {
            "dns_servers": [],
            "id": "/subscriptions/180f7e99-985b-4c30-9eae-9d0552a0d130/resourceGroups/newtrafford/providers/Microsoft.Network/virtualNetworks/newtrafford/dnsServers/default",
            "timeouts": null,
            "virtual_network_id": "/subscriptions/180f7e99-985b-4c30-9eae-9d0552a0d130/resourceGroups/newtrafford/providers/Microsoft.Network/virtualNetworks/newtrafford"
          },
          "sensitive_attributes": [],
          "identity_schema_version": 0,
          "private": "eyJlMmJmYjczMC1lY2FhLTExZTYtOGY4OC0zNDM2M2JjN2M0YzAiOnsiY3JlYXRlIjoxODAwMDAwMDAwMDAwLCJkZWxldGUiOjE4MDAwMDAwMDAwMDAsInJlYWQiOjMwMDAwMDAwMDAwMCwidXBkYXRlIjoxODAwMDAwMDAwMDAwfX0=",
          "dependencies": [
            "module.vnet-main.azurerm_virtual_network.vnet"
          ]
        }
      ]
    },
    {
      "module": "module.vnet-main",
      "mode": "managed",
      "type": "modtm_telemetry",
      "name": "telemetry",
      "provider": "provider[\"registry.terraform.io/azure/modtm\"]",
      "instances": [
        {
          "index_key": 0,
          "schema_version": 0,
          "attributes": {
            "endpoint": null,
            "ephemeral_number": null,
            "id": "6ffff03b-132e-45ce-8f34-058538db0c43",
            "nonce": null,
            "tags": {
              "module_source": "registry.terraform.io/Azure/vnet/azurerm",
              "module_version": "5.0.1",
              "random_id": "e64ff627-fc72-1963-7f6e-b15a7e8e35dd",
              "subscription_id": "180f7e99-985b-4c30-9eae-9d0552a0d130",
              "tenant_id": "3ae363ee-2bdf-4913-a659-cd17c1c8f8ae"
            }
          },
          "sensitive_attributes": [],
          "identity_schema_version": 0,
          "dependencies": [
            "module.vnet-main.data.azurerm_client_config.telemetry",
            "module.vnet-main.data.modtm_module_source.telemetry",
            "module.vnet-main.random_uuid.telemetry"
          ]
        }
      ]
    },
    {
      "module": "module.vnet-main",
      "mode": "managed",
      "type": "random_uuid",
      "name": "telemetry",
      "provider": "provider[\"registry.terraform.io/hashicorp/random\"]",
      "instances": [
        {
          "index_key": 0,
          "schema_version": 0,
          "attributes": {
            "id": "e64ff627-fc72-1963-7f6e-b15a7e8e35dd",
            "keepers": null,
            "result": "e64ff627-fc72-1963-7f6e-b15a7e8e35dd"
          },
          "sensitive_attributes": [],
          "identity_schema_version": 0
        }
      ]
    }
  ],
  "check_results": null
}
